// !$*UTF8*$!
{
	archiveVersion = 1;
	classes = {
	};
	objectVersion = 46;
	objects = {

/* Begin PBXBuildFile section */
		F697F8841B2FC82200EDFEA7 /* main.m in Sources */ = {isa = PBXBuildFile; fileRef = F697F8831B2FC82200EDFEA7 /* main.m */; };
		F697F8871B2FC82200EDFEA7 /* AppDelegate.m in Sources */ = {isa = PBXBuildFile; fileRef = F697F8861B2FC82200EDFEA7 /* AppDelegate.m */; };
		F697F88A1B2FC82200EDFEA7 /* ViewController.m in Sources */ = {isa = PBXBuildFile; fileRef = F697F8891B2FC82200EDFEA7 /* ViewController.m */; };
		F697F88D1B2FC82200EDFEA7 /* Main.storyboard in Resources */ = {isa = PBXBuildFile; fileRef = F697F88B1B2FC82200EDFEA7 /* Main.storyboard */; };
		F697F88F1B2FC82200EDFEA7 /* Images.xcassets in Resources */ = {isa = PBXBuildFile; fileRef = F697F88E1B2FC82200EDFEA7 /* Images.xcassets */; };
		F697F8921B2FC82200EDFEA7 /* LaunchScreen.xib in Resources */ = {isa = PBXBuildFile; fileRef = F697F8901B2FC82200EDFEA7 /* LaunchScreen.xib */; };
		F697F89E1B2FC82200EDFEA7 /* BPQQLoginItemTests.m in Sources */ = {isa = PBXBuildFile; fileRef = F697F89D1B2FC82200EDFEA7 /* BPQQLoginItemTests.m */; };
		F697F8A91B2FC95500EDFEA7 /* TencentOpenAPI.framework in Frameworks */ = {isa = PBXBuildFile; fileRef = F697F8A81B2FC95500EDFEA7 /* TencentOpenAPI.framework */; };
		F697F8AD1B2FCF9200EDFEA7 /* TencentApiHandler.m in Sources */ = {isa = PBXBuildFile; fileRef = F697F8AC1B2FCF9200EDFEA7 /* TencentApiHandler.m */; };
		F697F8AF1B2FD6CA00EDFEA7 /* Security.framework in Frameworks */ = {isa = PBXBuildFile; fileRef = F697F8AE1B2FD6CA00EDFEA7 /* Security.framework */; };
		F697F8B11B2FD6D100EDFEA7 /* libiconv.dylib in Frameworks */ = {isa = PBXBuildFile; fileRef = F697F8B01B2FD6D100EDFEA7 /* libiconv.dylib */; };
		F697F8B31B2FD6D600EDFEA7 /* SystemConfiguration.framework in Frameworks */ = {isa = PBXBuildFile; fileRef = F697F8B21B2FD6D600EDFEA7 /* SystemConfiguration.framework */; };
		F697F8B51B2FD6DB00EDFEA7 /* CoreGraphics.framework in Frameworks */ = {isa = PBXBuildFile; fileRef = F697F8B41B2FD6DB00EDFEA7 /* CoreGraphics.framework */; };
		F697F8B71B2FD6E200EDFEA7 /* libsqlite3.dylib in Frameworks */ = {isa = PBXBuildFile; fileRef = F697F8B61B2FD6E200EDFEA7 /* libsqlite3.dylib */; };
		F697F8B91B2FD6E700EDFEA7 /* CoreTelephony.framework in Frameworks */ = {isa = PBXBuildFile; fileRef = F697F8B81B2FD6E700EDFEA7 /* CoreTelephony.framework */; };
		F697F8BB1B2FD6EE00EDFEA7 /* libstdc++.dylib in Frameworks */ = {isa = PBXBuildFile; fileRef = F697F8BA1B2FD6EE00EDFEA7 /* libstdc++.dylib */; };
		F697F8BD1B2FD6F400EDFEA7 /* libz.dylib in Frameworks */ = {isa = PBXBuildFile; fileRef = F697F8BC1B2FD6F400EDFEA7 /* libz.dylib */; };
/* End PBXBuildFile section */

/* Begin PBXContainerItemProxy section */
		F697F8981B2FC82200EDFEA7 /* PBXContainerItemProxy */ = {
			isa = PBXContainerItemProxy;
			containerPortal = F697F8761B2FC82200EDFEA7 /* Project object */;
			proxyType = 1;
			remoteGlobalIDString = F697F87D1B2FC82200EDFEA7;
			remoteInfo = BPQQLoginItem;
		};
/* End PBXContainerItemProxy section */

/* Begin PBXFileReference section */
		F697F87E1B2FC82200EDFEA7 /* BPQQLoginItem.app */ = {isa = PBXFileReference; explicitFileType = wrapper.application; includeInIndex = 0; path = BPQQLoginItem.app; sourceTree = BUILT_PRODUCTS_DIR; };
		F697F8821B2FC82200EDFEA7 /* Info.plist */ = {isa = PBXFileReference; lastKnownFileType = text.plist.xml; path = Info.plist; sourceTree = "<group>"; };
		F697F8831B2FC82200EDFEA7 /* main.m */ = {isa = PBXFileReference; lastKnownFileType = sourcecode.c.objc; path = main.m; sourceTree = "<group>"; };
		F697F8851B2FC82200EDFEA7 /* AppDelegate.h */ = {isa = PBXFileReference; lastKnownFileType = sourcecode.c.h; path = AppDelegate.h; sourceTree = "<group>"; };
		F697F8861B2FC82200EDFEA7 /* AppDelegate.m */ = {isa = PBXFileReference; lastKnownFileType = sourcecode.c.objc; path = AppDelegate.m; sourceTree = "<group>"; };
		F697F8881B2FC82200EDFEA7 /* ViewController.h */ = {isa = PBXFileReference; lastKnownFileType = sourcecode.c.h; path = ViewController.h; sourceTree = "<group>"; };
		F697F8891B2FC82200EDFEA7 /* ViewController.m */ = {isa = PBXFileReference; lastKnownFileType = sourcecode.c.objc; path = ViewController.m; sourceTree = "<group>"; };
		F697F88C1B2FC82200EDFEA7 /* Base */ = {isa = PBXFileReference; lastKnownFileType = file.storyboard; name = Base; path = Base.lproj/Main.storyboard; sourceTree = "<group>"; };
		F697F88E1B2FC82200EDFEA7 /* Images.xcassets */ = {isa = PBXFileReference; lastKnownFileType = folder.assetcatalog; path = Images.xcassets; sourceTree = "<group>"; };
		F697F8911B2FC82200EDFEA7 /* Base */ = {isa = PBXFileReference; lastKnownFileType = file.xib; name = Base; path = Base.lproj/LaunchScreen.xib; sourceTree = "<group>"; };
		F697F8971B2FC82200EDFEA7 /* BPQQLoginItemTests.xctest */ = {isa = PBXFileReference; explicitFileType = wrapper.cfbundle; includeInIndex = 0; path = BPQQLoginItemTests.xctest; sourceTree = BUILT_PRODUCTS_DIR; };
		F697F89C1B2FC82200EDFEA7 /* Info.plist */ = {isa = PBXFileReference; lastKnownFileType = text.plist.xml; path = Info.plist; sourceTree = "<group>"; };
		F697F89D1B2FC82200EDFEA7 /* BPQQLoginItemTests.m */ = {isa = PBXFileReference; lastKnownFileType = sourcecode.c.objc; path = BPQQLoginItemTests.m; sourceTree = "<group>"; };
		F697F8A81B2FC95500EDFEA7 /* TencentOpenAPI.framework */ = {isa = PBXFileReference; lastKnownFileType = wrapper.framework; path = TencentOpenAPI.framework; sourceTree = "<group>"; };
		F697F8AA1B2FCF2600EDFEA7 /* TencentConfig.h */ = {isa = PBXFileReference; lastKnownFileType = sourcecode.c.h; path = TencentConfig.h; sourceTree = "<group>"; };
		F697F8AB1B2FCF9200EDFEA7 /* TencentApiHandler.h */ = {isa = PBXFileReference; fileEncoding = 4; lastKnownFileType = sourcecode.c.h; path = TencentApiHandler.h; sourceTree = "<group>"; };
		F697F8AC1B2FCF9200EDFEA7 /* TencentApiHandler.m */ = {isa = PBXFileReference; fileEncoding = 4; lastKnownFileType = sourcecode.c.objc; path = TencentApiHandler.m; sourceTree = "<group>"; };
		F697F8AE1B2FD6CA00EDFEA7 /* Security.framework */ = {isa = PBXFileReference; lastKnownFileType = wrapper.framework; name = Security.framework; path = System/Library/Frameworks/Security.framework; sourceTree = SDKROOT; };
		F697F8B01B2FD6D100EDFEA7 /* libiconv.dylib */ = {isa = PBXFileReference; lastKnownFileType = "compiled.mach-o.dylib"; name = libiconv.dylib; path = usr/lib/libiconv.dylib; sourceTree = SDKROOT; };
		F697F8B21B2FD6D600EDFEA7 /* SystemConfiguration.framework */ = {isa = PBXFileReference; lastKnownFileType = wrapper.framework; name = SystemConfiguration.framework; path = System/Library/Frameworks/SystemConfiguration.framework; sourceTree = SDKROOT; };
		F697F8B41B2FD6DB00EDFEA7 /* CoreGraphics.framework */ = {isa = PBXFileReference; lastKnownFileType = wrapper.framework; name = CoreGraphics.framework; path = System/Library/Frameworks/CoreGraphics.framework; sourceTree = SDKROOT; };
		F697F8B61B2FD6E200EDFEA7 /* libsqlite3.dylib */ = {isa = PBXFileReference; lastKnownFileType = "compiled.mach-o.dylib"; name = libsqlite3.dylib; path = usr/lib/libsqlite3.dylib; sourceTree = SDKROOT; };
		F697F8B81B2FD6E700EDFEA7 /* CoreTelephony.framework */ = {isa = PBXFileReference; lastKnownFileType = wrapper.framework; name = CoreTelephony.framework; path = System/Library/Frameworks/CoreTelephony.framework; sourceTree = SDKROOT; };
		F697F8BA1B2FD6EE00EDFEA7 /* libstdc++.dylib */ = {isa = PBXFileReference; lastKnownFileType = "compiled.mach-o.dylib"; name = "libstdc++.dylib"; path = "usr/lib/libstdc++.dylib"; sourceTree = SDKROOT; };
		F697F8BC1B2FD6F400EDFEA7 /* libz.dylib */ = {isa = PBXFileReference; lastKnownFileType = "compiled.mach-o.dylib"; name = libz.dylib; path = usr/lib/libz.dylib; sourceTree = SDKROOT; };
/* End PBXFileReference section */

/* Begin PBXFrameworksBuildPhase section */
		F697F87B1B2FC82200EDFEA7 /* Frameworks */ = {
			isa = PBXFrameworksBuildPhase;
			buildActionMask = 2147483647;
			files = (
				F697F8BD1B2FD6F400EDFEA7 /* libz.dylib in Frameworks */,
				F697F8BB1B2FD6EE00EDFEA7 /* libstdc++.dylib in Frameworks */,
				F697F8B91B2FD6E700EDFEA7 /* CoreTelephony.framework in Frameworks */,
				F697F8B71B2FD6E200EDFEA7 /* libsqlite3.dylib in Frameworks */,
				F697F8B51B2FD6DB00EDFEA7 /* CoreGraphics.framework in Frameworks */,
				F697F8B31B2FD6D600EDFEA7 /* SystemConfiguration.framework in Frameworks */,
				F697F8B11B2FD6D100EDFEA7 /* libiconv.dylib in Frameworks */,
				F697F8AF1B2FD6CA00EDFEA7 /* Security.framework in Frameworks */,
				F697F8A91B2FC95500EDFEA7 /* TencentOpenAPI.framework in Frameworks */,
			);
			runOnlyForDeploymentPostprocessing = 0;
		};
		F697F8941B2FC82200EDFEA7 /* Frameworks */ = {
			isa = PBXFrameworksBuildPhase;
			buildActionMask = 2147483647;
			files = (
			);
			runOnlyForDeploymentPostprocessing = 0;
		};
/* End PBXFrameworksBuildPhase section */

/* Begin PBXGroup section */
		F697F8751B2FC82200EDFEA7 = {
			isa = PBXGroup;
			children = (
				F697F8BC1B2FD6F400EDFEA7 /* libz.dylib */,
				F697F8BA1B2FD6EE00EDFEA7 /* libstdc++.dylib */,
				F697F8B81B2FD6E700EDFEA7 /* CoreTelephony.framework */,
				F697F8B61B2FD6E200EDFEA7 /* libsqlite3.dylib */,
				F697F8B41B2FD6DB00EDFEA7 /* CoreGraphics.framework */,
				F697F8B21B2FD6D600EDFEA7 /* SystemConfiguration.framework */,
				F697F8B01B2FD6D100EDFEA7 /* libiconv.dylib */,
				F697F8AE1B2FD6CA00EDFEA7 /* Security.framework */,
				F697F8A71B2FC94C00EDFEA7 /* Classes */,
				F697F8801B2FC82200EDFEA7 /* BPQQLoginItem */,
				F697F89A1B2FC82200EDFEA7 /* BPQQLoginItemTests */,
				F697F87F1B2FC82200EDFEA7 /* Products */,
			);
			sourceTree = "<group>";
		};
		F697F87F1B2FC82200EDFEA7 /* Products */ = {
			isa = PBXGroup;
			children = (
				F697F87E1B2FC82200EDFEA7 /* BPQQLoginItem.app */,
				F697F8971B2FC82200EDFEA7 /* BPQQLoginItemTests.xctest */,
			);
			name = Products;
			sourceTree = "<group>";
		};
		F697F8801B2FC82200EDFEA7 /* BPQQLoginItem */ = {
			isa = PBXGroup;
			children = (
				F697F8851B2FC82200EDFEA7 /* AppDelegate.h */,
				F697F8861B2FC82200EDFEA7 /* AppDelegate.m */,
				F697F8881B2FC82200EDFEA7 /* ViewController.h */,
				F697F8891B2FC82200EDFEA7 /* ViewController.m */,
				F697F88B1B2FC82200EDFEA7 /* Main.storyboard */,
				F697F88E1B2FC82200EDFEA7 /* Images.xcassets */,
				F697F8901B2FC82200EDFEA7 /* LaunchScreen.xib */,
				F697F8811B2FC82200EDFEA7 /* Supporting Files */,
			);
			path = BPQQLoginItem;
			sourceTree = "<group>";
		};
		F697F8811B2FC82200EDFEA7 /* Supporting Files */ = {
			isa = PBXGroup;
			children = (
				F697F8821B2FC82200EDFEA7 /* Info.plist */,
				F697F8831B2FC82200EDFEA7 /* main.m */,
			);
			name = "Supporting Files";
			sourceTree = "<group>";
		};
		F697F89A1B2FC82200EDFEA7 /* BPQQLoginItemTests */ = {
			isa = PBXGroup;
			children = (
				F697F89D1B2FC82200EDFEA7 /* BPQQLoginItemTests.m */,
				F697F89B1B2FC82200EDFEA7 /* Supporting Files */,
			);
			path = BPQQLoginItemTests;
			sourceTree = "<group>";
		};
		F697F89B1B2FC82200EDFEA7 /* Supporting Files */ = {
			isa = PBXGroup;
			children = (
				F697F89C1B2FC82200EDFEA7 /* Info.plist */,
			);
			name = "Supporting Files";
			sourceTree = "<group>";
		};
		F697F8A71B2FC94C00EDFEA7 /* Classes */ = {
			isa = PBXGroup;
			children = (
				F697F8A81B2FC95500EDFEA7 /* TencentOpenAPI.framework */,
				F697F8AA1B2FCF2600EDFEA7 /* TencentConfig.h */,
				F697F8AB1B2FCF9200EDFEA7 /* TencentApiHandler.h */,
				F697F8AC1B2FCF9200EDFEA7 /* TencentApiHandler.m */,
			);
			path = Classes;
			sourceTree = "<group>";
		};
/* End PBXGroup section */

/* Begin PBXNativeTarget section */
		F697F87D1B2FC82200EDFEA7 /* BPQQLoginItem */ = {
			isa = PBXNativeTarget;
			buildConfigurationList = F697F8A11B2FC82200EDFEA7 /* Build configuration list for PBXNativeTarget "BPQQLoginItem" */;
			buildPhases = (
				F697F87A1B2FC82200EDFEA7 /* Sources */,
				F697F87B1B2FC82200EDFEA7 /* Frameworks */,
				F697F87C1B2FC82200EDFEA7 /* Resources */,
			);
			buildRules = (
			);
			dependencies = (
			);
			name = BPQQLoginItem;
			productName = BPQQLoginItem;
			productReference = F697F87E1B2FC82200EDFEA7 /* BPQQLoginItem.app */;
			productType = "com.apple.product-type.application";
		};
		F697F8961B2FC82200EDFEA7 /* BPQQLoginItemTests */ = {
			isa = PBXNativeTarget;
			buildConfigurationList = F697F8A41B2FC82200EDFEA7 /* Build configuration list for PBXNativeTarget "BPQQLoginItemTests" */;
			buildPhases = (
				F697F8931B2FC82200EDFEA7 /* Sources */,
				F697F8941B2FC82200EDFEA7 /* Frameworks */,
				F697F8951B2FC82200EDFEA7 /* Resources */,
			);
			buildRules = (
			);
			dependencies = (
				F697F8991B2FC82200EDFEA7 /* PBXTargetDependency */,
			);
			name = BPQQLoginItemTests;
			productName = BPQQLoginItemTests;
			productReference = F697F8971B2FC82200EDFEA7 /* BPQQLoginItemTests.xctest */;
			productType = "com.apple.product-type.bundle.unit-test";
		};
/* End PBXNativeTarget section */

/* Begin PBXProject section */
		F697F8761B2FC82200EDFEA7 /* Project object */ = {
			isa = PBXProject;
			attributes = {
				LastUpgradeCheck = 0630;
				ORGANIZATIONNAME = LiHaozhen;
				TargetAttributes = {
					F697F87D1B2FC82200EDFEA7 = {
						CreatedOnToolsVersion = 6.3.1;
					};
					F697F8961B2FC82200EDFEA7 = {
						CreatedOnToolsVersion = 6.3.1;
						TestTargetID = F697F87D1B2FC82200EDFEA7;
					};
				};
			};
			buildConfigurationList = F697F8791B2FC82200EDFEA7 /* Build configuration list for PBXProject "BPQQLoginItem" */;
			compatibilityVersion = "Xcode 3.2";
			developmentRegion = English;
			hasScannedForEncodings = 0;
			knownRegions = (
				en,
				Base,
			);
			mainGroup = F697F8751B2FC82200EDFEA7;
			productRefGroup = F697F87F1B2FC82200EDFEA7 /* Products */;
			projectDirPath = "";
			projectRoot = "";
			targets = (
				F697F87D1B2FC82200EDFEA7 /* BPQQLoginItem */,
				F697F8961B2FC82200EDFEA7 /* BPQQLoginItemTests */,
			);
		};
/* End PBXProject section */

/* Begin PBXResourcesBuildPhase section */
		F697F87C1B2FC82200EDFEA7 /* Resources */ = {
			isa = PBXResourcesBuildPhase;
			buildActionMask = 2147483647;
			files = (
				F697F88D1B2FC82200EDFEA7 /* Main.storyboard in Resources */,
				F697F8921B2FC82200EDFEA7 /* LaunchScreen.xib in Resources */,
				F697F88F1B2FC82200EDFEA7 /* Images.xcassets in Resources */,
			);
			runOnlyForDeploymentPostprocessing = 0;
		};
		F697F8951B2FC82200EDFEA7 /* Resources */ = {
			isa = PBXResourcesBuildPhase;
			buildActionMask = 2147483647;
			files = (
			);
			runOnlyForDeploymentPostprocessing = 0;
		};
/* End PBXResourcesBuildPhase section */

/* Begin PBXSourcesBuildPhase section */
		F697F87A1B2FC82200EDFEA7 /* Sources */ = {
			isa = PBXSourcesBuildPhase;
			buildActionMask = 2147483647;
			files = (
				F697F88A1B2FC82200EDFEA7 /* ViewController.m in Sources */,
				F697F8871B2FC82200EDFEA7 /* AppDelegate.m in Sources */,
				F697F8841B2FC82200EDFEA7 /* main.m in Sources */,
				F697F8AD1B2FCF9200EDFEA7 /* TencentApiHandler.m in Sources */,
			);
			runOnlyForDeploymentPostprocessing = 0;
		};
		F697F8931B2FC82200EDFEA7 /* Sources */ = {
			isa = PBXSourcesBuildPhase;
			buildActionMask = 2147483647;
			files = (
				F697F89E1B2FC82200EDFEA7 /* BPQQLoginItemTests.m in Sources */,
			);
			runOnlyForDeploymentPostprocessing = 0;
		};
/* End PBXSourcesBuildPhase section */

/* Begin PBXTargetDependency section */
		F697F8991B2FC82200EDFEA7 /* PBXTargetDependency */ = {
			isa = PBXTargetDependency;
			target = F697F87D1B2FC82200EDFEA7 /* BPQQLoginItem */;
			targetProxy = F697F8981B2FC82200EDFEA7 /* PBXContainerItemProxy */;
		};
/* End PBXTargetDependency section */

/* Begin PBXVariantGroup section */
		F697F88B1B2FC82200EDFEA7 /* Main.storyboard */ = {
			isa = PBXVariantGroup;
			children = (
				F697F88C1B2FC82200EDFEA7 /* Base */,
			);
			name = Main.storyboard;
			sourceTree = "<group>";
		};
		F697F8901B2FC82200EDFEA7 /* LaunchScreen.xib */ = {
			isa = PBXVariantGroup;
			children = (
				F697F8911B2FC82200EDFEA7 /* Base */,
			);
			name = LaunchScreen.xib;
			sourceTree = "<group>";
		};
/* End PBXVariantGroup section */

/* Begin XCBuildConfiguration section */
		F697F89F1B2FC82200EDFEA7 /* Debug */ = {
			isa = XCBuildConfiguration;
			buildSettings = {
				ALWAYS_SEARCH_USER_PATHS = NO;
				CLANG_CXX_LANGUAGE_STANDARD = "gnu++0x";
				CLANG_CXX_LIBRARY = "libc++";
				CLANG_ENABLE_MODULES = YES;
				CLANG_ENABLE_OBJC_ARC = YES;
				CLANG_WARN_BOOL_CONVERSION = YES;
				CLANG_WARN_CONSTANT_CONVERSION = YES;
				CLANG_WARN_DIRECT_OBJC_ISA_USAGE = YES_ERROR;
				CLANG_WARN_EMPTY_BODY = YES;
				CLANG_WARN_ENUM_CONVERSION = YES;
				CLANG_WARN_INT_CONVERSION = YES;
				CLANG_WARN_OBJC_ROOT_CLASS = YES_ERROR;
				CLANG_WARN_UNREACHABLE_CODE = YES;
				CLANG_WARN__DUPLICATE_METHOD_MATCH = YES;
				"CODE_SIGN_IDENTITY[sdk=iphoneos*]" = "iPhone Developer";
				COPY_PHASE_STRIP = NO;
				DEBUG_INFORMATION_FORMAT = "dwarf-with-dsym";
				ENABLE_STRICT_OBJC_MSGSEND = YES;
				GCC_C_LANGUAGE_STANDARD = gnu99;
				GCC_DYNAMIC_NO_PIC = NO;
				GCC_NO_COMMON_BLOCKS = YES;
				GCC_OPTIMIZATION_LEVEL = 0;
				GCC_PREPROCESSOR_DEFINITIONS = (
					"DEBUG=1",
					"$(inherited)",
				);
				GCC_SYMBOLS_PRIVATE_EXTERN = NO;
				GCC_WARN_64_TO_32_BIT_CONVERSION = YES;
				GCC_WARN_ABOUT_RETURN_TYPE = YES_ERROR;
				GCC_WARN_UNDECLARED_SELECTOR = YES;
				GCC_WARN_UNINITIALIZED_AUTOS = YES_AGGRESSIVE;
				GCC_WARN_UNUSED_FUNCTION = YES;
				GCC_WARN_UNUSED_VARIABLE = YES;
				IPHONEOS_DEPLOYMENT_TARGET = 8.3;
				MTL_ENABLE_DEBUG_INFO = YES;
				ONLY_ACTIVE_ARCH = YES;
				SDKROOT = iphoneos;
			};
			name = Debug;
		};
		F697F8A01B2FC82200EDFEA7 /* Release */ = {
			isa = XCBuildConfiguration;
			buildSettings = {
				ALWAYS_SEARCH_USER_PATHS = NO;
				CLANG_CXX_LANGUAGE_STANDARD = "gnu++0x";
				CLANG_CXX_LIBRARY = "libc++";
				CLANG_ENABLE_MODULES = YES;
				CLANG_ENABLE_OBJC_ARC = YES;
				CLANG_WARN_BOOL_CONVERSION = YES;
				CLANG_WARN_CONSTANT_CONVERSION = YES;
				CLANG_WARN_DIRECT_OBJC_ISA_USAGE = YES_ERROR;
				CLANG_WARN_EMPTY_BODY = YES;
				CLANG_WARN_ENUM_CONVERSION = YES;
				CLANG_WARN_INT_CONVERSION = YES;
				CLANG_WARN_OBJC_ROOT_CLASS = YES_ERROR;
				CLANG_WARN_UNREACHABLE_CODE = YES;
				CLANG_WARN__DUPLICATE_METHOD_MATCH = YES;
				"CODE_SIGN_IDENTITY[sdk=iphoneos*]" = "iPhone Developer";
				COPY_PHASE_STRIP = NO;
				DEBUG_INFORMATION_FORMAT = "dwarf-with-dsym";
				ENABLE_NS_ASSERTIONS = NO;
				ENABLE_STRICT_OBJC_MSGSEND = YES;
				GCC_C_LANGUAGE_STANDARD = gnu99;
				GCC_NO_COMMON_BLOCKS = YES;
				GCC_WARN_64_TO_32_BIT_CONVERSION = YES;
				GCC_WARN_ABOUT_RETURN_TYPE = YES_ERROR;
				GCC_WARN_UNDECLARED_SELECTOR = YES;
				GCC_WARN_UNINITIALIZED_AUTOS = YES_AGGRESSIVE;
				GCC_WARN_UNUSED_FUNCTION = YES;
				GCC_WARN_UNUSED_VARIABLE = YES;
				IPHONEOS_DEPLOYMENT_TARGET = 8.3;
				MTL_ENABLE_DEBUG_INFO = NO;
				SDKROOT = iphoneos;
				VALIDATE_PRODUCT = YES;
			};
			name = Release;
		};
		F697F8A21B2FC82200EDFEA7 /* Debug */ = {
			isa = XCBuildConfiguration;
			buildSettings = {
				ASSETCATALOG_COMPILER_APPICON_NAME = AppIcon;
				FRAMEWORK_SEARCH_PATHS = (
					"$(inherited)",
					"$(PROJECT_DIR)/Classes",
				);
				INFOPLIST_FILE = BPQQLoginItem/Info.plist;
				LD_RUNPATH_SEARCH_PATHS = "$(inherited) @executable_path/Frameworks";
				PRODUCT_NAME = "$(TARGET_NAME)";
			};
			name = Debug;
		};
		F697F8A31B2FC82200EDFEA7 /* Release */ = {
			isa = XCBuildConfiguration;
			buildSettings = {
				ASSETCATALOG_COMPILER_APPICON_NAME = AppIcon;
				FRAMEWORK_SEARCH_PATHS = (
					"$(inherited)",
					"$(PROJECT_DIR)/Classes",
				);
				INFOPLIST_FILE = BPQQLoginItem/Info.plist;
				LD_RUNPATH_SEARCH_PATHS = "$(inherited) @executable_path/Frameworks";
				PRODUCT_NAME = "$(TARGET_NAME)";
			};
			name = Release;
		};
		F697F8A51B2FC82200EDFEA7 /* Debug */ = {
			isa = XCBuildConfiguration;
			buildSettings = {
				BUNDLE_LOADER = "$(TEST_HOST)";
				FRAMEWORK_SEARCH_PATHS = (
					"$(SDKROOT)/Developer/Library/Frameworks",
					"$(inherited)",
				);
				GCC_PREPROCESSOR_DEFINITIONS = (
					"DEBUG=1",
					"$(inherited)",
				);
				INFOPLIST_FILE = BPQQLoginItemTests/Info.plist;
				LD_RUNPATH_SEARCH_PATHS = "$(inherited) @executable_path/Frameworks @loader_path/Frameworks";
				PRODUCT_NAME = "$(TARGET_NAME)";
				TEST_HOST = "$(BUILT_PRODUCTS_DIR)/BPQQLoginItem.app/BPQQLoginItem";
			};
			name = Debug;
		};
		F697F8A61B2FC82200EDFEA7 /* Release */ = {
			isa = XCBuildConfiguration;
			buildSettings = {
				BUNDLE_LOADER = "$(TEST_HOST)";
				FRAMEWORK_SEARCH_PATHS = (
					"$(SDKROOT)/Developer/Library/Frameworks",
					"$(inherited)",
				);
				INFOPLIST_FILE = BPQQLoginItemTests/Info.plist;
				LD_RUNPATH_SEARCH_PATHS = "$(inherited) @executable_path/Frameworks @loader_path/Frameworks";
				PRODUCT_NAME = "$(TARGET_NAME)";
				TEST_HOST = "$(BUILT_PRODUCTS_DIR)/BPQQLoginItem.app/BPQQLoginItem";
			};
			name = Release;
		};
/* End XCBuildConfiguration section */

/* Begin XCConfigurationList section */
		F697F8791B2FC82200EDFEA7 /* Build configuration list for PBXProject "BPQQLoginItem" */ = {
			isa = XCConfigurationList;
			buildConfigurations = (
				F697F89F1B2FC82200EDFEA7 /* Debug */,
				F697F8A01B2FC82200EDFEA7 /* Release */,
			);
			defaultConfigurationIsVisible = 0;
			defaultConfigurationName = Release;
		};
		F697F8A11B2FC82200EDFEA7 /* Build configuration list for PBXNativeTarget "BPQQLoginItem" */ = {
			isa = XCConfigurationList;
			buildConfigurations = (
				F697F8A21B2FC82200EDFEA7 /* Debug */,
				F697F8A31B2FC82200EDFEA7 /* Release */,
			);
			defaultConfigurationIsVisible = 0;
		};
		F697F8A41B2FC82200EDFEA7 /* Build configuration list for PBXNativeTarget "BPQQLoginItemTests" */ = {
			isa = XCConfigurationList;
			buildConfigurations = (
				F697F8A51B2FC82200EDFEA7 /* Debug */,
				F697F8A61B2FC82200EDFEA7 /* Release */,
			);
			defaultConfigurationIsVisible = 0;
		};
/* End XCConfigurationList section */
	};
	rootObject = F697F8761B2FC82200EDFEA7 /* Project object */;
}
